
Microsoft Visual Studio Solution File, Format Version 12.00
# Visual Studio Version 17
VisualStudioVersion = 17.3.32811.315
MinimumVisualStudioVersion = 10.0.40219.1
Project("{FAE04EC0-301F-11D3-BF4B-00C04F79EFBC}") = "Wpf_Work_8", "Wpf_Work_8\Wpf_Work_8.csproj", "{D1551740-EBBA-40CF-A91D-BF999E240C78}"
EndProject
Global
	GlobalSection(SolutionConfigurationPlatforms) = preSolution
		Debug|Any CPU = Debug|Any CPU
		Release|Any CPU = Release|Any CPU
	EndGlobalSection
	GlobalSection(ProjectConfigurationPlatforms) = postSolution
		{D1551740-EBBA-40CF-A91D-BF999E240C78}.Debug|Any CPU.ActiveCfg = Debug|Any CPU
		{D1551740-EBBA-40CF-A91D-BF999E240C78}.Debug|Any CPU.Build.0 = Debug|Any CPU
		{D1551740-EBBA-40CF-A91D-BF999E240C78}.Release|Any CPU.ActiveCfg = Release|Any CPU
		{D1551740-EBBA-40CF-A91D-BF999E240C78}.Release|Any CPU.Build.0 = Release|Any CPU
	EndGlobalSection
	GlobalSection(SolutionProperties) = preSolution
		HideSolutionNode = FALSE
	EndGlobalSection
	GlobalSection(ExtensibilityGlobals) = postSolution
		SolutionGuid = {1BEF651E-EA5A-4C40-9EE5-EF027492A891}
	EndGlobalSection
EndGlobal
